
Microsoft Visual Studio Solution File, Format Version 12.00
# Visual Studio Version 17
VisualStudioVersion = 17.2.32616.157
MinimumVisualStudioVersion = 10.0.40219.1
Project("{FAE04EC0-301F-11D3-BF4B-00C04F79EFBC}") = "DiscordSpotifyBot", "DiscordSpotifyBot.csproj", "{84F86151-64D1-422F-BEE6-DA1B25AFEDC3}"
EndProject
Global
	GlobalSection(SolutionConfigurationPlatforms) = preSolution
		Debug|Any CPU = Debug|Any CPU
		Release|Any CPU = Release|Any CPU
	EndGlobalSection
	GlobalSection(ProjectConfigurationPlatforms) = postSolution
		{84F86151-64D1-422F-BEE6-DA1B25AFEDC3}.Debug|Any CPU.ActiveCfg = Debug|Any CPU
		{84F86151-64D1-422F-BEE6-DA1B25AFEDC3}.Debug|Any CPU.Build.0 = Debug|Any CPU
		{84F86151-64D1-422F-BEE6-DA1B25AFEDC3}.Release|Any CPU.ActiveCfg = Release|Any CPU
		{84F86151-64D1-422F-BEE6-DA1B25AFEDC3}.Release|Any CPU.Build.0 = Release|Any CPU
	EndGlobalSection
	GlobalSection(SolutionProperties) = preSolution
		HideSolutionNode = FALSE
	EndGlobalSection
	GlobalSection(ExtensibilityGlobals) = postSolution
		SolutionGuid = {7D7BD3D1-6D49-44B8-8C01-123A07102A83}
	EndGlobalSection
EndGlobal
